
Microsoft Visual Studio Solution File, Format Version 12.00
# Visual Studio Version 16
VisualStudioVersion = 16.0.30204.135
MinimumVisualStudioVersion = 10.0.40219.1
Project("{9A19103F-16F7-4668-BE54-9A1E7A4F7556}") = "PresentationLayer", "ProductsMicroservice\PresentationLayer.csproj", "{635224E0-D592-494F-B112-D25D988C4725}"
EndProject
Project("{9A19103F-16F7-4668-BE54-9A1E7A4F7556}") = "DatabaseLayer", "DataAccessLayer\DatabaseLayer.csproj", "{7857D86D-8763-4A50-9CA7-E8282516C552}"
EndProject
Project("{FAE04EC0-301F-11D3-BF4B-00C04F79EFBC}") = "UnitTesting", "UnitTesting\UnitTesting.csproj", "{7176DC21-49C1-4CE3-86B8-2A2C83ECE474}"
EndProject
Global
	GlobalSection(SolutionConfigurationPlatforms) = preSolution
		Debug|Any CPU = Debug|Any CPU
		Release|Any CPU = Release|Any CPU
	EndGlobalSection
	GlobalSection(ProjectConfigurationPlatforms) = postSolution
		{635224E0-D592-494F-B112-D25D988C4725}.Debug|Any CPU.ActiveCfg = Debug|Any CPU
		{635224E0-D592-494F-B112-D25D988C4725}.Debug|Any CPU.Build.0 = Debug|Any CPU
		{635224E0-D592-494F-B112-D25D988C4725}.Release|Any CPU.ActiveCfg = Release|Any CPU
		{635224E0-D592-494F-B112-D25D988C4725}.Release|Any CPU.Build.0 = Release|Any CPU
		{7857D86D-8763-4A50-9CA7-E8282516C552}.Debug|Any CPU.ActiveCfg = Debug|Any CPU
		{7857D86D-8763-4A50-9CA7-E8282516C552}.Debug|Any CPU.Build.0 = Debug|Any CPU
		{7857D86D-8763-4A50-9CA7-E8282516C552}.Release|Any CPU.ActiveCfg = Release|Any CPU
		{7857D86D-8763-4A50-9CA7-E8282516C552}.Release|Any CPU.Build.0 = Release|Any CPU
		{7176DC21-49C1-4CE3-86B8-2A2C83ECE474}.Debug|Any CPU.ActiveCfg = Debug|Any CPU
		{7176DC21-49C1-4CE3-86B8-2A2C83ECE474}.Debug|Any CPU.Build.0 = Debug|Any CPU
		{7176DC21-49C1-4CE3-86B8-2A2C83ECE474}.Release|Any CPU.ActiveCfg = Release|Any CPU
		{7176DC21-49C1-4CE3-86B8-2A2C83ECE474}.Release|Any CPU.Build.0 = Release|Any CPU
	EndGlobalSection
	GlobalSection(SolutionProperties) = preSolution
		HideSolutionNode = FALSE
	EndGlobalSection
	GlobalSection(ExtensibilityGlobals) = postSolution
		SolutionGuid = {69F9D111-9DCC-4CB1-B063-FCAA5D0E068F}
	EndGlobalSection
EndGlobal
